
Microsoft Visual Studio Solution File, Format Version 12.00
# Visual Studio Version 16
VisualStudioVersion = 16.0.30907.101
MinimumVisualStudioVersion = 10.0.40219.1
Project("{FAE04EC0-301F-11D3-BF4B-00C04F79EFBC}") = "joquempo", "joquempo.csproj", "{CA0F030A-4C4F-433E-8868-C749E4778ADA}"
EndProject
Global
	GlobalSection(SolutionConfigurationPlatforms) = preSolution
		Debug|Any CPU = Debug|Any CPU
		Release|Any CPU = Release|Any CPU
	EndGlobalSection
	GlobalSection(ProjectConfigurationPlatforms) = postSolution
		{CA0F030A-4C4F-433E-8868-C749E4778ADA}.Debug|Any CPU.ActiveCfg = Debug|Any CPU
		{CA0F030A-4C4F-433E-8868-C749E4778ADA}.Debug|Any CPU.Build.0 = Debug|Any CPU
		{CA0F030A-4C4F-433E-8868-C749E4778ADA}.Release|Any CPU.ActiveCfg = Release|Any CPU
		{CA0F030A-4C4F-433E-8868-C749E4778ADA}.Release|Any CPU.Build.0 = Release|Any CPU
	EndGlobalSection
	GlobalSection(SolutionProperties) = preSolution
		HideSolutionNode = FALSE
	EndGlobalSection
	GlobalSection(ExtensibilityGlobals) = postSolution
		SolutionGuid = {CF384D65-D40E-481E-8AD2-30FB945995B7}
	EndGlobalSection
EndGlobal
